{
    "hash": "f3a07a9fdc2ec38214a9e169f7515cfc",
    "packages": [

    ],
    "packages-dev": [
        {
            "name": "composer/composer",
            "version": "dev-master",
            "source": {
                "type": "git",
                "url": "https://github.com/composer/composer",
                "reference": "2b065030273bb116849a6785cdabaec8c889b24d"
            },
            "dist": {
                "type": "zip",
                "url": "https://github.com/composer/composer/zipball/2b065030273bb116849a6785cdabaec8c889b24d",
                "reference": "2b065030273bb116849a6785cdabaec8c889b24d",
                "shasum": ""
            },
            "require": {
                "justinrainbow/json-schema": "1.1.*",
                "seld/jsonlint": "1.*",
                "php": ">=5.3.2",
                "symfony/console": ">=2.1,<3.0",
                "symfony/finder": ">=2.1,<3.0",
                "symfony/process": ">=2.1,<3.0"
            },
            "suggest": {
                "ext-zip": "Enabling the zip extension allows you to unzip archives, and allows gzip compression of all internet traffic",
                "ext-openssl": "Enabling the openssl extension allows you to access https URLs for repositories and packages"
            },
            "time": "1351209214",
            "bin": [
                "bin/composer"
            ],
            "type": "library",
            "extra": {
                "branch-alias": {
                    "dev-master": "1.0-dev"
                }
            },
            "installation-source": "source",
            "autoload": {
                "psr-0": {
                    "Composer": "src/"
                }
            },
            "license": [
                "MIT"
            ],
            "authors": [
                {
                    "name": "Jordi Boggiano",
                    "email": "j.boggiano@seld.be",
                    "homepage": "http://seld.be",
                    "role": "Developer"
                },
                {
                    "name": "Nils Adermann",
                    "email": "naderman@naderman.de",
                    "homepage": "http://www.naderman.de"
                }
            ],
            "description": "Package Manager",
            "homepage": "http://getcomposer.org/",
            "keywords": [
                "package",
                "dependency",
                "autoload"
            ]
        },
        {
            "name": "justinrainbow/json-schema",
            "version": "1.1.0",
            "source": {
                "type": "git",
                "url": "git://github.com/justinrainbow/json-schema.git",
                "reference": "v1.1.0"
            },
            "dist": {
                "type": "zip",
                "url": "https://github.com/justinrainbow/json-schema/zipball/v1.1.0",
                "reference": "v1.1.0",
                "shasum": ""
            },
            "require": {
                "php": ">=5.3.0"
            },
            "time": "2012-01-02 16:33:17",
            "type": "library",
            "installation-source": "dist",
            "autoload": {
                "psr-0": {
                    "JsonSchema": "src/"
                }
            },
            "license": [
                "NewBSD"
            ],
            "authors": [
                {
                    "name": "Igor Wiedler",
                    "email": "igor@wiedler.ch",
                    "homepage": "http://wiedler.ch/igor/"
                },
                {
                    "name": "Bruno Prieto Reis",
                    "email": "bruno.p.reis@gmail.com"
                },
                {
                    "name": "Justin Rainbow",
                    "email": "justin.rainbow@gmail.com"
                },
                {
                    "name": "Robert Schönthal",
                    "email": "seroscho@googlemail.com",
                    "homepage": "http://digitalkaoz.net"
                }
            ],
            "description": "A library to validate a json schema.",
            "homepage": "https://github.com/justinrainbow/json-schema",
            "keywords": [
                "json",
                "schema"
            ]
        },
        {
            "name": "phpunit/php-code-coverage",
            "version": "1.2.x-dev",
            "source": {
                "type": "git",
                "url": "git://github.com/sebastianbergmann/php-code-coverage.git",
                "reference": "52fe0780d05429ea028af923393486bf2c544f8f"
            },
            "dist": {
                "type": "zip",
                "url": "https://github.com/sebastianbergmann/php-code-coverage/zipball/52fe0780d05429ea028af923393486bf2c544f8f",
                "reference": "52fe0780d05429ea028af923393486bf2c544f8f",
                "shasum": ""
            },
            "require": {
                "php": ">=5.3.3",
                "phpunit/php-file-iterator": ">=1.3.0@stable",
                "phpunit/php-token-stream": ">=1.1.3@stable",
                "phpunit/php-text-template": ">=1.1.1@stable"
            },
            "suggest": {
                "ext-dom": "*",
                "ext-xdebug": ">=2.0.5"
            },
            "time": "1350668319",
            "type": "library",
            "installation-source": "source",
            "autoload": {
                "classmap": [
                    "PHP/"
                ]
            },
            "include-path": [
                ""
            ],
            "license": [
                "BSD-3-Clause"
            ],
            "authors": [
                {
                    "name": "Sebastian Bergmann",
                    "email": "sb@sebastian-bergmann.de",
                    "role": "lead"
                }
            ],
            "description": "Library that provides collection, processing, and rendering functionality for PHP code coverage information.",
            "homepage": "https://github.com/sebastianbergmann/php-code-coverage",
            "keywords": [
                "testing",
                "coverage",
                "xunit"
            ]
        },
        {
            "name": "phpunit/php-file-iterator",
            "version": "dev-master",
            "source": {
                "type": "git",
                "url": "git://github.com/sebastianbergmann/php-file-iterator.git",
                "reference": "f36e853b6fbafc7325551fe743f6ba4846638f91"
            },
            "dist": {
                "type": "zip",
                "url": "https://github.com/sebastianbergmann/php-file-iterator/zipball/f36e853b6fbafc7325551fe743f6ba4846638f91",
                "reference": "f36e853b6fbafc7325551fe743f6ba4846638f91",
                "shasum": ""
            },
            "require": {
                "php": ">=5.3.3"
            },
            "time": "1350290255",
            "type": "library",
            "installation-source": "source",
            "autoload": {
                "classmap": [
                    "File/"
                ]
            },
            "include-path": [
                ""
            ],
            "license": [
                "BSD-3-Clause"
            ],
            "authors": [
                {
                    "name": "Sebastian Bergmann",
                    "email": "sb@sebastian-bergmann.de",
                    "role": "lead"
                }
            ],
            "description": "FilterIterator implementation that filters files based on a list of suffixes.",
            "homepage": "https://github.com/sebastianbergmann/php-file-iterator/",
            "keywords": [
                "filesystem",
                "iterator"
            ]
        },
        {
            "name": "phpunit/php-text-template",
            "version": "dev-master",
            "source": {
                "type": "git",
                "url": "git://github.com/sebastianbergmann/php-text-template.git",
                "reference": "6abad057d7226067bddee449c83c14893c21acb4"
            },
            "dist": {
                "type": "zip",
                "url": "https://github.com/sebastianbergmann/php-text-template/zipball/6abad057d7226067bddee449c83c14893c21acb4",
                "reference": "6abad057d7226067bddee449c83c14893c21acb4",
                "shasum": ""
            },
            "require": {
                "php": ">=5.3.3"
            },
            "time": "1350290684",
            "type": "library",
            "installation-source": "source",
            "autoload": {
                "classmap": [
                    "Text/"
                ]
            },
            "include-path": [
                ""
            ],
            "license": [
                "BSD-3-Clause"
            ],
            "authors": [
                {
                    "name": "Sebastian Bergmann",
                    "email": "sb@sebastian-bergmann.de",
                    "role": "lead"
                }
            ],
            "description": "Simple template engine.",
            "homepage": "https://github.com/sebastianbergmann/php-text-template/",
            "keywords": [
                "template"
            ]
        },
        {
            "name": "phpunit/php-timer",
            "version": "dev-master",
            "source": {
                "type": "git",
                "url": "git://github.com/sebastianbergmann/php-timer.git",
                "reference": "98fa257378170a7cdc9c0b7c4f238178cb2c0abb"
            },
            "dist": {
                "type": "zip",
                "url": "https://github.com/sebastianbergmann/php-timer/zipball/98fa257378170a7cdc9c0b7c4f238178cb2c0abb",
                "reference": "98fa257378170a7cdc9c0b7c4f238178cb2c0abb",
                "shasum": ""
            },
            "require": {
                "php": ">=5.3.3"
            },
            "time": "1350290346",
            "type": "library",
            "installation-source": "source",
            "autoload": {
                "classmap": [
                    "PHP/"
                ]
            },
            "include-path": [
                ""
            ],
            "license": [
                "BSD-3-Clause"
            ],
            "authors": [
                {
                    "name": "Sebastian Bergmann",
                    "email": "sb@sebastian-bergmann.de",
                    "role": "lead"
                }
            ],
            "description": "Utility class for timing",
            "homepage": "https://github.com/sebastianbergmann/php-timer/",
            "keywords": [
                "timer"
            ]
        },
        {
            "name": "phpunit/php-token-stream",
            "version": "dev-master",
            "source": {
                "type": "git",
                "url": "git://github.com/sebastianbergmann/php-token-stream.git",
                "reference": "c6d365771312aba7b347bc477faef850eea3488f"
            },
            "dist": {
                "type": "zip",
                "url": "https://github.com/sebastianbergmann/php-token-stream/zipball/c6d365771312aba7b347bc477faef850eea3488f",
                "reference": "c6d365771312aba7b347bc477faef850eea3488f",
                "shasum": ""
            },
            "require": {
                "ext-tokenizer": "*",
                "php": ">=5.3.3"
            },
            "time": "1350290650",
            "type": "library",
            "installation-source": "source",
            "autoload": {
                "classmap": [
                    "PHP/"
                ]
            },
            "include-path": [
                ""
            ],
            "license": [
                "BSD-3-Clause"
            ],
            "authors": [
                {
                    "name": "Sebastian Bergmann",
                    "email": "sb@sebastian-bergmann.de",
                    "role": "lead"
                }
            ],
            "description": "Wrapper around PHP's tokenizer extension.",
            "homepage": "https://github.com/sebastianbergmann/php-token-stream/",
            "keywords": [
                "tokenizer"
            ]
        },
        {
            "name": "phpunit/phpunit",
            "version": "3.7.x-dev",
            "source": {
                "type": "git",
                "url": "git://github.com/sebastianbergmann/phpunit.git",
                "reference": "c1dbcebfac88acbff53d04f70462cc3f85aeb24a"
            },
            "dist": {
                "type": "zip",
                "url": "https://github.com/sebastianbergmann/phpunit/zipball/c1dbcebfac88acbff53d04f70462cc3f85aeb24a",
                "reference": "c1dbcebfac88acbff53d04f70462cc3f85aeb24a",
                "shasum": ""
            },
            "require": {
                "php": ">=5.3.3",
                "ext-dom": "*",
                "ext-pcre": "*",
                "ext-reflection": "*",
                "ext-spl": "*",
                "phpunit/php-file-iterator": ">=1.3.1",
                "phpunit/php-text-template": ">=1.1.1",
                "phpunit/php-code-coverage": ">=1.2.1",
                "phpunit/php-timer": ">=1.0.2",
                "phpunit/phpunit-mock-objects": ">=1.2.0",
                "symfony/yaml": ">=2.1.0"
            },
            "suggest": {
                "ext-json": "*",
                "ext-simplexml": "*",
                "ext-tokenizer": "*",
                "phpunit/php-invoker": ">=1.1.0"
            },
            "time": "1350879414",
            "bin": [
                "composer/bin/phpunit"
            ],
            "type": "library",
            "extra": {
                "branch-alias": {
                    "dev-master": "3.7.x-dev"
                }
            },
            "installation-source": "source",
            "autoload": {
                "classmap": [
                    "PHPUnit/"
                ]
            },
            "include-path": [
                "",
                "../../symfony/yaml/"
            ],
            "license": [
                "BSD-3-Clause"
            ],
            "authors": [
                {
                    "name": "Sebastian Bergmann",
                    "email": "sebastian@phpunit.de",
                    "role": "lead"
                }
            ],
            "description": "The PHP Unit Testing framework.",
            "homepage": "http://www.phpunit.de/",
            "keywords": [
                "testing",
                "phpunit",
                "xunit"
            ]
        },
        {
            "name": "phpunit/phpunit-mock-objects",
            "version": "1.2.x-dev",
            "source": {
                "type": "git",
                "url": "git://github.com/sebastianbergmann/phpunit-mock-objects.git",
                "reference": "b167e119d97d5c2ff0c49d97979004544b5713c7"
            },
            "dist": {
                "type": "zip",
                "url": "https://github.com/sebastianbergmann/phpunit-mock-objects/zipball/b167e119d97d5c2ff0c49d97979004544b5713c7",
                "reference": "b167e119d97d5c2ff0c49d97979004544b5713c7",
                "shasum": ""
            },
            "require": {
                "php": ">=5.3.3",
                "phpunit/php-text-template": ">=1.1.1@stable"
            },
            "suggest": {
                "ext-soap": "*"
            },
            "time": "1350337609",
            "type": "library",
            "installation-source": "source",
            "autoload": {
                "classmap": [
                    "PHPUnit/"
                ]
            },
            "include-path": [
                ""
            ],
            "license": [
                "BSD-3-Clause"
            ],
            "authors": [
                {
                    "name": "Sebastian Bergmann",
                    "email": "sb@sebastian-bergmann.de",
                    "role": "lead"
                }
            ],
            "description": "Mock Object library for PHPUnit",
            "homepage": "https://github.com/sebastianbergmann/phpunit-mock-objects/",
            "keywords": [
                "mock",
                "xunit"
            ]
        },
        {
            "name": "seld/jsonlint",
            "version": "1.0.0",
            "source": {
                "type": "git",
                "url": "http://github.com/Seldaek/jsonlint",
                "reference": "1.0.0"
            },
            "dist": {
                "type": "zip",
                "url": "https://github.com/Seldaek/jsonlint/zipball/1.0.0",
                "reference": "1.0.0",
                "shasum": ""
            },
            "require": {
                "php": ">=5.3.0"
            },
            "time": "2012-03-12 00:52:32",
            "bin": [
                "bin/jsonlint"
            ],
            "type": "library",
            "installation-source": "dist",
            "autoload": {
                "psr-0": {
                    "Seld\\JsonLint": "src/"
                }
            },
            "license": [
                "MIT"
            ],
            "authors": [
                {
                    "name": "Jordi Boggiano",
                    "email": "j.boggiano@seld.be",
                    "homepage": "http://seld.be",
                    "role": "Developer"
                }
            ],
            "description": "JSON Linter",
            "keywords": [
                "json",
                "parser",
                "linter",
                "validator"
            ]
        },
        {
            "name": "symfony/console",
            "version": "dev-master",
            "target-dir": "Symfony/Component/Console",
            "source": {
                "type": "git",
                "url": "https://github.com/symfony/Console",
                "reference": "bc0eaa4b024b3e3ad177a79c42b98a85f1861bd9"
            },
            "dist": {
                "type": "zip",
                "url": "https://github.com/symfony/Console/zipball/bc0eaa4b024b3e3ad177a79c42b98a85f1861bd9",
                "reference": "bc0eaa4b024b3e3ad177a79c42b98a85f1861bd9",
                "shasum": ""
            },
            "require": {
                "php": ">=5.3.3"
            },
            "time": "1351356054",
            "type": "library",
            "extra": {
                "branch-alias": {
                    "dev-master": "2.2-dev"
                }
            },
            "installation-source": "source",
            "autoload": {
                "psr-0": {
                    "Symfony\\Component\\Console\\": ""
                }
            },
            "license": [
                "MIT"
            ],
            "authors": [
                {
                    "name": "Fabien Potencier",
                    "email": "fabien@symfony.com"
                },
                {
                    "name": "Symfony Community",
                    "homepage": "http://symfony.com/contributors"
                }
            ],
            "description": "Symfony Console Component",
            "homepage": "http://symfony.com"
        },
        {
            "name": "symfony/finder",
            "version": "dev-master",
            "target-dir": "Symfony/Component/Finder",
            "source": {
                "type": "git",
                "url": "https://github.com/symfony/Finder",
                "reference": "525130b967ce2a9fe812e20bce9f5b245ef7bb2a"
            },
            "dist": {
                "type": "zip",
                "url": "https://github.com/symfony/Finder/zipball/525130b967ce2a9fe812e20bce9f5b245ef7bb2a",
                "reference": "525130b967ce2a9fe812e20bce9f5b245ef7bb2a",
                "shasum": ""
            },
            "require": {
                "php": ">=5.3.3"
            },
            "time": "1351093287",
            "type": "library",
            "extra": {
                "branch-alias": {
                    "dev-master": "2.2-dev"
                }
            },
            "installation-source": "source",
            "autoload": {
                "psr-0": {
                    "Symfony\\Component\\Finder\\": ""
                }
            },
            "license": [
                "MIT"
            ],
            "authors": [
                {
                    "name": "Fabien Potencier",
                    "email": "fabien@symfony.com"
                },
                {
                    "name": "Symfony Community",
                    "homepage": "http://symfony.com/contributors"
                }
            ],
            "description": "Symfony Finder Component",
            "homepage": "http://symfony.com"
        },
        {
            "name": "symfony/process",
            "version": "dev-master",
            "target-dir": "Symfony/Component/Process",
            "source": {
                "type": "git",
                "url": "https://github.com/symfony/Process",
                "reference": "b35a2a4fae02286df3275d7094a3d3d575122db8"
            },
            "dist": {
                "type": "zip",
                "url": "https://github.com/symfony/Process/zipball/b35a2a4fae02286df3275d7094a3d3d575122db8",
                "reference": "b35a2a4fae02286df3275d7094a3d3d575122db8",
                "shasum": ""
            },
            "require": {
                "php": ">=5.3.3"
            },
            "time": "1351356874",
            "type": "library",
            "extra": {
                "branch-alias": {
                    "dev-master": "2.2-dev"
                }
            },
            "installation-source": "source",
            "autoload": {
                "psr-0": {
                    "Symfony\\Component\\Process\\": ""
                }
            },
            "license": [
                "MIT"
            ],
            "authors": [
                {
                    "name": "Fabien Potencier",
                    "email": "fabien@symfony.com"
                },
                {
                    "name": "Symfony Community",
                    "homepage": "http://symfony.com/contributors"
                }
            ],
            "description": "Symfony Process Component",
            "homepage": "http://symfony.com"
        },
        {
            "name": "symfony/yaml",
            "version": "dev-master",
            "target-dir": "Symfony/Component/Yaml",
            "source": {
                "type": "git",
                "url": "https://github.com/symfony/Yaml",
                "reference": "76256c6d9f7f113eb31077883657191510ff0532"
            },
            "dist": {
                "type": "zip",
                "url": "https://github.com/symfony/Yaml/zipball/76256c6d9f7f113eb31077883657191510ff0532",
                "reference": "76256c6d9f7f113eb31077883657191510ff0532",
                "shasum": ""
            },
            "require": {
                "php": ">=5.3.3"
            },
            "time": "1351093287",
            "type": "library",
            "extra": {
                "branch-alias": {
                    "dev-master": "2.2-dev"
                }
            },
            "installation-source": "source",
            "autoload": {
                "psr-0": {
                    "Symfony\\Component\\Yaml\\": ""
                }
            },
            "license": [
                "MIT"
            ],
            "authors": [
                {
                    "name": "Fabien Potencier",
                    "email": "fabien@symfony.com"
                },
                {
                    "name": "Symfony Community",
                    "homepage": "http://symfony.com/contributors"
                }
            ],
            "description": "Symfony Yaml Component",
            "homepage": "http://symfony.com"
        }
    ],
    "aliases": [

    ],
    "minimum-stability": "dev",
    "stability-flags": [

    ]
}
